// !$*UTF8*$!
{
	archiveVersion = 1;
	classes = {
	};
	objectVersion = 46;
	objects = {

/* Begin PBXBuildFile section */
		96306735244F1CC100F9EF44 /* ReactPlotDelegate.m in Sources */ = {isa = PBXBuildFile; fileRef = 96306734244F1CC100F9EF44 /* ReactPlotDelegate.m */; };
		963067642464530400F9EF44 /* PlotProjects.framework in Frameworks */ = {isa = PBXBuildFile; fileRef = 963067632464530400F9EF44 /* PlotProjects.framework */; };
		963067652464531600F9EF44 /* PlotProjects.framework in CopyFiles */ = {isa = PBXBuildFile; fileRef = 963067632464530400F9EF44 /* PlotProjects.framework */; settings = {ATTRIBUTES = (CodeSignOnCopy, RemoveHeadersOnCopy, ); }; };
		96F154982508CCC100FED148 /* NotificationRequestMarshaller.m in Sources */ = {isa = PBXBuildFile; fileRef = 96F154972508CCC100FED148 /* NotificationRequestMarshaller.m */; };
		96F1549B2508D01F00FED148 /* GeotriggerMarshaller.m in Sources */ = {isa = PBXBuildFile; fileRef = 96F1549A2508D01F00FED148 /* GeotriggerMarshaller.m */; };
		B3E7B58A1CC2AC0600A0062D /* PlotProjectsReactModule.m in Sources */ = {isa = PBXBuildFile; fileRef = B3E7B5891CC2AC0600A0062D /* PlotProjectsReactModule.m */; };
		ED16A48C7332096A593DE867 /* libPods-PlotProjectsReactModule.a in Frameworks */ = {isa = PBXBuildFile; fileRef = 2A92F7CC5A20D7A2AF3663FE /* libPods-PlotProjectsReactModule.a */; };
/* End PBXBuildFile section */

/* Begin PBXCopyFilesBuildPhase section */
		58B511D91A9E6C8500147676 /* CopyFiles */ = {
			isa = PBXCopyFilesBuildPhase;
			buildActionMask = 2147483647;
			dstPath = "include/$(PRODUCT_NAME)";
			dstSubfolderSpec = 10;
			files = (
				963067652464531600F9EF44 /* PlotProjects.framework in CopyFiles */,
			);
			runOnlyForDeploymentPostprocessing = 0;
		};
/* End PBXCopyFilesBuildPhase section */

/* Begin PBXFileReference section */
		134814201AA4EA6300B7C361 /* libPlotProjectsReactModule.a */ = {isa = PBXFileReference; explicitFileType = archive.ar; includeInIndex = 0; path = libPlotProjectsReactModule.a; sourceTree = BUILT_PRODUCTS_DIR; };
		2A92F7CC5A20D7A2AF3663FE /* libPods-PlotProjectsReactModule.a */ = {isa = PBXFileReference; explicitFileType = archive.ar; includeInIndex = 0; path = "libPods-PlotProjectsReactModule.a"; sourceTree = BUILT_PRODUCTS_DIR; };
		96306733244F1CC100F9EF44 /* ReactPlotDelegate.h */ = {isa = PBXFileReference; fileEncoding = 4; lastKnownFileType = sourcecode.c.h; path = ReactPlotDelegate.h; sourceTree = "<group>"; };
		96306734244F1CC100F9EF44 /* ReactPlotDelegate.m */ = {isa = PBXFileReference; fileEncoding = 4; lastKnownFileType = sourcecode.c.objc; path = ReactPlotDelegate.m; sourceTree = "<group>"; };
		963067632464530400F9EF44 /* PlotProjects.framework */ = {isa = PBXFileReference; lastKnownFileType = wrapper.framework; name = PlotProjects.framework; path = "Pods/PlotPlugin/PlotProjects-v3_3_2/PlotProjects.framework"; sourceTree = "<group>"; };
		96F154962508CCC100FED148 /* NotificationRequestMarshaller.h */ = {isa = PBXFileReference; lastKnownFileType = sourcecode.c.h; path = NotificationRequestMarshaller.h; sourceTree = "<group>"; };
		96F154972508CCC100FED148 /* NotificationRequestMarshaller.m */ = {isa = PBXFileReference; lastKnownFileType = sourcecode.c.objc; path = NotificationRequestMarshaller.m; sourceTree = "<group>"; };
		96F154992508D01F00FED148 /* GeotriggerMarshaller.h */ = {isa = PBXFileReference; lastKnownFileType = sourcecode.c.h; path = GeotriggerMarshaller.h; sourceTree = "<group>"; };
		96F1549A2508D01F00FED148 /* GeotriggerMarshaller.m */ = {isa = PBXFileReference; lastKnownFileType = sourcecode.c.objc; path = GeotriggerMarshaller.m; sourceTree = "<group>"; };
		B3E7B5881CC2AC0600A0062D /* PlotProjectsReactModule.h */ = {isa = PBXFileReference; fileEncoding = 4; lastKnownFileType = sourcecode.c.h; path = PlotProjectsReactModule.h; sourceTree = "<group>"; };
		B3E7B5891CC2AC0600A0062D /* PlotProjectsReactModule.m */ = {isa = PBXFileReference; fileEncoding = 4; lastKnownFileType = sourcecode.c.objc; path = PlotProjectsReactModule.m; sourceTree = "<group>"; };
		BC9522C7CF038C91BB659BE6 /* Pods-PlotProjectsReactModule.debug.xcconfig */ = {isa = PBXFileReference; includeInIndex = 1; lastKnownFileType = text.xcconfig; name = "Pods-PlotProjectsReactModule.debug.xcconfig"; path = "Target Support Files/Pods-PlotProjectsReactModule/Pods-PlotProjectsReactModule.debug.xcconfig"; sourceTree = "<group>"; };
		F3C287022D4ACAB92078819A /* Pods-PlotProjectsReactModule.release.xcconfig */ = {isa = PBXFileReference; includeInIndex = 1; lastKnownFileType = text.xcconfig; name = "Pods-PlotProjectsReactModule.release.xcconfig"; path = "Target Support Files/Pods-PlotProjectsReactModule/Pods-PlotProjectsReactModule.release.xcconfig"; sourceTree = "<group>"; };
/* End PBXFileReference section */

/* Begin PBXFrameworksBuildPhase section */
		58B511D81A9E6C8500147676 /* Frameworks */ = {
			isa = PBXFrameworksBuildPhase;
			buildActionMask = 2147483647;
			files = (
				963067642464530400F9EF44 /* PlotProjects.framework in Frameworks */,
				ED16A48C7332096A593DE867 /* libPods-PlotProjectsReactModule.a in Frameworks */,
			);
			runOnlyForDeploymentPostprocessing = 0;
		};
/* End PBXFrameworksBuildPhase section */

/* Begin PBXGroup section */
		134814211AA4EA7D00B7C361 /* Products */ = {
			isa = PBXGroup;
			children = (
				134814201AA4EA6300B7C361 /* libPlotProjectsReactModule.a */,
			);
			name = Products;
			sourceTree = "<group>";
		};
		58B511D21A9E6C8500147676 = {
			isa = PBXGroup;
			children = (
				96F154992508D01F00FED148 /* GeotriggerMarshaller.h */,
				96F1549A2508D01F00FED148 /* GeotriggerMarshaller.m */,
				96F154962508CCC100FED148 /* NotificationRequestMarshaller.h */,
				96F154972508CCC100FED148 /* NotificationRequestMarshaller.m */,
				96306733244F1CC100F9EF44 /* ReactPlotDelegate.h */,
				96306734244F1CC100F9EF44 /* ReactPlotDelegate.m */,
				B3E7B5881CC2AC0600A0062D /* PlotProjectsReactModule.h */,
				B3E7B5891CC2AC0600A0062D /* PlotProjectsReactModule.m */,
				134814211AA4EA7D00B7C361 /* Products */,
				7DE28056E383F361A6662E9C /* Pods */,
				909BFF30695C64D108756D3C /* Frameworks */,
			);
			sourceTree = "<group>";
		};
		7DE28056E383F361A6662E9C /* Pods */ = {
			isa = PBXGroup;
			children = (
				BC9522C7CF038C91BB659BE6 /* Pods-PlotProjectsReactModule.debug.xcconfig */,
				F3C287022D4ACAB92078819A /* Pods-PlotProjectsReactModule.release.xcconfig */,
			);
			path = Pods;
			sourceTree = "<group>";
		};
		909BFF30695C64D108756D3C /* Frameworks */ = {
			isa = PBXGroup;
			children = (
				963067632464530400F9EF44 /* PlotProjects.framework */,
				2A92F7CC5A20D7A2AF3663FE /* libPods-PlotProjectsReactModule.a */,
			);
			name = Frameworks;
			sourceTree = "<group>";
		};
/* End PBXGroup section */

/* Begin PBXNativeTarget section */
		58B511DA1A9E6C8500147676 /* PlotProjectsReactModule */ = {
			isa = PBXNativeTarget;
			buildConfigurationList = 58B511EF1A9E6C8500147676 /* Build configuration list for PBXNativeTarget "PlotProjectsReactModule" */;
			buildPhases = (
				761648709C43B3AE949FBF26 /* [CP] Check Pods Manifest.lock */,
				58B511D71A9E6C8500147676 /* Sources */,
				58B511D81A9E6C8500147676 /* Frameworks */,
				58B511D91A9E6C8500147676 /* CopyFiles */,
			);
			buildRules = (
			);
			dependencies = (
			);
			name = PlotProjectsReactModule;
			productName = RCTDataManager;
			productReference = 134814201AA4EA6300B7C361 /* libPlotProjectsReactModule.a */;
			productType = "com.apple.product-type.library.static";
		};
/* End PBXNativeTarget section */

/* Begin PBXProject section */
		58B511D31A9E6C8500147676 /* Project object */ = {
			isa = PBXProject;
			attributes = {
				LastUpgradeCheck = 0920;
				ORGANIZATIONNAME = Facebook;
				TargetAttributes = {
					58B511DA1A9E6C8500147676 = {
						CreatedOnToolsVersion = 6.1.1;
					};
				};
			};
			buildConfigurationList = 58B511D61A9E6C8500147676 /* Build configuration list for PBXProject "PlotProjectsReactModule" */;
			compatibilityVersion = "Xcode 3.2";
			developmentRegion = English;
			hasScannedForEncodings = 0;
			knownRegions = (
				English,
				en,
			);
			mainGroup = 58B511D21A9E6C8500147676;
			productRefGroup = 58B511D21A9E6C8500147676;
			projectDirPath = "";
			projectRoot = "";
			targets = (
				58B511DA1A9E6C8500147676 /* PlotProjectsReactModule */,
			);
		};
/* End PBXProject section */

/* Begin PBXShellScriptBuildPhase section */
		761648709C43B3AE949FBF26 /* [CP] Check Pods Manifest.lock */ = {
			isa = PBXShellScriptBuildPhase;
			buildActionMask = 2147483647;
			files = (
			);
			inputFileListPaths = (
			);
			inputPaths = (
				"${PODS_PODFILE_DIR_PATH}/Podfile.lock",
				"${PODS_ROOT}/Manifest.lock",
			);
			name = "[CP] Check Pods Manifest.lock";
			outputFileListPaths = (
			);
			outputPaths = (
				"$(DERIVED_FILE_DIR)/Pods-PlotProjectsReactModule-checkManifestLockResult.txt",
			);
			runOnlyForDeploymentPostprocessing = 0;
			shellPath = /bin/sh;
			shellScript = "diff \"${PODS_PODFILE_DIR_PATH}/Podfile.lock\" \"${PODS_ROOT}/Manifest.lock\" > /dev/null\nif [ $? != 0 ] ; then\n    # print error to STDERR\n    echo \"error: The sandbox is not in sync with the Podfile.lock. Run 'pod install' or update your CocoaPods installation.\" >&2\n    exit 1\nfi\n# This output is used by Xcode 'outputs' to avoid re-running this script phase.\necho \"SUCCESS\" > \"${SCRIPT_OUTPUT_FILE_0}\"\n";
			showEnvVarsInLog = 0;
		};
/* End PBXShellScriptBuildPhase section */

/* Begin PBXSourcesBuildPhase section */
		58B511D71A9E6C8500147676 /* Sources */ = {
			isa = PBXSourcesBuildPhase;
			buildActionMask = 2147483647;
			files = (
				B3E7B58A1CC2AC0600A0062D /* PlotProjectsReactModule.m in Sources */,
				96306735244F1CC100F9EF44 /* ReactPlotDelegate.m in Sources */,
				96F154982508CCC100FED148 /* NotificationRequestMarshaller.m in Sources */,
				96F1549B2508D01F00FED148 /* GeotriggerMarshaller.m in Sources */,
			);
			runOnlyForDeploymentPostprocessing = 0;
		};
/* End PBXSourcesBuildPhase section */

/* Begin XCBuildConfiguration section */
		58B511ED1A9E6C8500147676 /* Debug */ = {
			isa = XCBuildConfiguration;
			buildSettings = {
				ALWAYS_SEARCH_USER_PATHS = NO;
				CLANG_CXX_LANGUAGE_STANDARD = "gnu++0x";
				CLANG_CXX_LIBRARY = "libc++";
				CLANG_ENABLE_MODULES = YES;
				CLANG_ENABLE_OBJC_ARC = YES;
				CLANG_WARN_BLOCK_CAPTURE_AUTORELEASING = YES;
				CLANG_WARN_BOOL_CONVERSION = YES;
				CLANG_WARN_COMMA = YES;
				CLANG_WARN_CONSTANT_CONVERSION = YES;
				CLANG_WARN_DIRECT_OBJC_ISA_USAGE = YES_ERROR;
				CLANG_WARN_EMPTY_BODY = YES;
				CLANG_WARN_ENUM_CONVERSION = YES;
				CLANG_WARN_INFINITE_RECURSION = YES;
				CLANG_WARN_INT_CONVERSION = YES;
				CLANG_WARN_NON_LITERAL_NULL_CONVERSION = YES;
				CLANG_WARN_OBJC_LITERAL_CONVERSION = YES;
				CLANG_WARN_OBJC_ROOT_CLASS = YES_ERROR;
				CLANG_WARN_RANGE_LOOP_ANALYSIS = YES;
				CLANG_WARN_STRICT_PROTOTYPES = YES;
				CLANG_WARN_SUSPICIOUS_MOVE = YES;
				CLANG_WARN_UNREACHABLE_CODE = YES;
				CLANG_WARN__DUPLICATE_METHOD_MATCH = YES;
				COPY_PHASE_STRIP = NO;
				ENABLE_STRICT_OBJC_MSGSEND = YES;
				ENABLE_TESTABILITY = YES;
				GCC_C_LANGUAGE_STANDARD = gnu99;
				GCC_DYNAMIC_NO_PIC = NO;
				GCC_NO_COMMON_BLOCKS = YES;
				GCC_OPTIMIZATION_LEVEL = 0;
				GCC_PREPROCESSOR_DEFINITIONS = (
					"DEBUG=1",
					"$(inherited)",
				);
				GCC_SYMBOLS_PRIVATE_EXTERN = NO;
				GCC_WARN_64_TO_32_BIT_CONVERSION = YES;
				GCC_WARN_ABOUT_RETURN_TYPE = YES_ERROR;
				GCC_WARN_UNDECLARED_SELECTOR = YES;
				GCC_WARN_UNINITIALIZED_AUTOS = YES_AGGRESSIVE;
				GCC_WARN_UNUSED_FUNCTION = YES;
				GCC_WARN_UNUSED_VARIABLE = YES;
				IPHONEOS_DEPLOYMENT_TARGET = 8.0;
				MTL_ENABLE_DEBUG_INFO = YES;
				ONLY_ACTIVE_ARCH = YES;
				SDKROOT = iphoneos;
			};
			name = Debug;
		};
		58B511EE1A9E6C8500147676 /* Release */ = {
			isa = XCBuildConfiguration;
			buildSettings = {
				ALWAYS_SEARCH_USER_PATHS = NO;
				CLANG_CXX_LANGUAGE_STANDARD = "gnu++0x";
				CLANG_CXX_LIBRARY = "libc++";
				CLANG_ENABLE_MODULES = YES;
				CLANG_ENABLE_OBJC_ARC = YES;
				CLANG_WARN_BLOCK_CAPTURE_AUTORELEASING = YES;
				CLANG_WARN_BOOL_CONVERSION = YES;
				CLANG_WARN_COMMA = YES;
				CLANG_WARN_CONSTANT_CONVERSION = YES;
				CLANG_WARN_DIRECT_OBJC_ISA_USAGE = YES_ERROR;
				CLANG_WARN_EMPTY_BODY = YES;
				CLANG_WARN_ENUM_CONVERSION = YES;
				CLANG_WARN_INFINITE_RECURSION = YES;
				CLANG_WARN_INT_CONVERSION = YES;
				CLANG_WARN_NON_LITERAL_NULL_CONVERSION = YES;
				CLANG_WARN_OBJC_LITERAL_CONVERSION = YES;
				CLANG_WARN_OBJC_ROOT_CLASS = YES_ERROR;
				CLANG_WARN_RANGE_LOOP_ANALYSIS = YES;
				CLANG_WARN_STRICT_PROTOTYPES = YES;
				CLANG_WARN_SUSPICIOUS_MOVE = YES;
				CLANG_WARN_UNREACHABLE_CODE = YES;
				CLANG_WARN__DUPLICATE_METHOD_MATCH = YES;
				COPY_PHASE_STRIP = YES;
				ENABLE_NS_ASSERTIONS = NO;
				ENABLE_STRICT_OBJC_MSGSEND = YES;
				GCC_C_LANGUAGE_STANDARD = gnu99;
				GCC_NO_COMMON_BLOCKS = YES;
				GCC_WARN_64_TO_32_BIT_CONVERSION = YES;
				GCC_WARN_ABOUT_RETURN_TYPE = YES_ERROR;
				GCC_WARN_UNDECLARED_SELECTOR = YES;
				GCC_WARN_UNINITIALIZED_AUTOS = YES_AGGRESSIVE;
				GCC_WARN_UNUSED_FUNCTION = YES;
				GCC_WARN_UNUSED_VARIABLE = YES;
				IPHONEOS_DEPLOYMENT_TARGET = 8.0;
				MTL_ENABLE_DEBUG_INFO = NO;
				SDKROOT = iphoneos;
				VALIDATE_PRODUCT = YES;
			};
			name = Release;
		};
		58B511F01A9E6C8500147676 /* Debug */ = {
			isa = XCBuildConfiguration;
			baseConfigurationReference = BC9522C7CF038C91BB659BE6 /* Pods-PlotProjectsReactModule.debug.xcconfig */;
			buildSettings = {
				FRAMEWORK_SEARCH_PATHS = (
					"$(inherited)",
					"$(PROJECT_DIR)/Pods/PlotPlugin/PlotProjects-v3_3_2",
				);
				HEADER_SEARCH_PATHS = (
					"$(inherited)",
					/Applications/Xcode.app/Contents/Developer/Toolchains/XcodeDefault.xctoolchain/usr/include,
					"$(SRCROOT)/../../../React/**",
					"$(SRCROOT)/../../react-native/React/**",
				);
				LIBRARY_SEARCH_PATHS = "$(inherited)";
				OTHER_LDFLAGS = "-ObjC";
				PRODUCT_NAME = PlotProjectsReactModule;
				SKIP_INSTALL = YES;
			};
			name = Debug;
		};
		58B511F11A9E6C8500147676 /* Release */ = {
			isa = XCBuildConfiguration;
			baseConfigurationReference = F3C287022D4ACAB92078819A /* Pods-PlotProjectsReactModule.release.xcconfig */;
			buildSettings = {
				FRAMEWORK_SEARCH_PATHS = (
					"$(inherited)",
					"$(PROJECT_DIR)/Pods/PlotPlugin/PlotProjects-v3_3_2",
				);
				HEADER_SEARCH_PATHS = (
					"$(inherited)",
					/Applications/Xcode.app/Contents/Developer/Toolchains/XcodeDefault.xctoolchain/usr/include,
					"$(SRCROOT)/../../../React/**",
					"$(SRCROOT)/../../react-native/React/**",
				);
				LIBRARY_SEARCH_PATHS = "$(inherited)";
				OTHER_LDFLAGS = "-ObjC";
				PRODUCT_NAME = PlotProjectsReactModule;
				SKIP_INSTALL = YES;
			};
			name = Release;
		};
/* End XCBuildConfiguration section */

/* Begin XCConfigurationList section */
		58B511D61A9E6C8500147676 /* Build configuration list for PBXProject "PlotProjectsReactModule" */ = {
			isa = XCConfigurationList;
			buildConfigurations = (
				58B511ED1A9E6C8500147676 /* Debug */,
				58B511EE1A9E6C8500147676 /* Release */,
			);
			defaultConfigurationIsVisible = 0;
			defaultConfigurationName = Release;
		};
		58B511EF1A9E6C8500147676 /* Build configuration list for PBXNativeTarget "PlotProjectsReactModule" */ = {
			isa = XCConfigurationList;
			buildConfigurations = (
				58B511F01A9E6C8500147676 /* Debug */,
				58B511F11A9E6C8500147676 /* Release */,
			);
			defaultConfigurationIsVisible = 0;
			defaultConfigurationName = Release;
		};
/* End XCConfigurationList section */
	};
	rootObject = 58B511D31A9E6C8500147676 /* Project object */;
}
